PODS:
  - JKSwiftExtension (2.6.0)
  - SnapKit (5.6.0)

DEPENDENCIES:
  - JKSwiftExtension (from `../`)
  - SnapKit

SPEC REPOS:
  trunk:
    - SnapKit

EXTERNAL SOURCES:
  JKSwiftExtension:
    :path: "../"

SPEC CHECKSUMS:
  JKSwiftExtension: 9ffe7512d8bdbec20b443e8953017edc94a0246c
  SnapKit: e01d52ebb8ddbc333eefe2132acf85c8227d9c25

PODFILE CHECKSUM: fc4a5a355732f5a2f4f28668b9bcef0ed4d64c33

COCOAPODS: 1.12.1
