// !$*UTF8*$!
{
	archiveVersion = 1;
	classes = {
	};
	objectVersion = 46;
	objects = {

/* Begin PBXBuildFile section */
		607FACD61AFB9204008FA782 /* AppDelegate.swift in Sources */ = {isa = PBXBuildFile; fileRef = 607FACD51AFB9204008FA782 /* AppDelegate.swift */; };
		607FACD81AFB9204008FA782 /* ViewController.swift in Sources */ = {isa = PBXBuildFile; fileRef = 607FACD71AFB9204008FA782 /* ViewController.swift */; };
		607FACDB1AFB9204008FA782 /* Main.storyboard in Resources */ = {isa = PBXBuildFile; fileRef = 607FACD91AFB9204008FA782 /* Main.storyboard */; };
		607FACDD1AFB9204008FA782 /* Images.xcassets in Resources */ = {isa = PBXBuildFile; fileRef = 607FACDC1AFB9204008FA782 /* Images.xcassets */; };
		607FACE01AFB9204008FA782 /* LaunchScreen.xib in Resources */ = {isa = PBXBuildFile; fileRef = 607FACDE1AFB9204008FA782 /* LaunchScreen.xib */; };
		607FACEC1AFB9204008FA782 /* Tests.swift in Sources */ = {isa = PBXBuildFile; fileRef = 607FACEB1AFB9204008FA782 /* Tests.swift */; };
		687E347F9A62286E9AC825CD /* Pods_JKSwiftExtension_Tests.framework in Frameworks */ = {isa = PBXBuildFile; fileRef = 2FEA1C54E10568E8E6A827CF /* Pods_JKSwiftExtension_Tests.framework */; };
		6FC5FB83742FE817753295E8 /* Pods_JKSwiftExtension_Example.framework in Frameworks */ = {isa = PBXBuildFile; fileRef = FA3D0426FDCFDD919F4C3DCA /* Pods_JKSwiftExtension_Example.framework */; };
		84009E0A2563D8BA00C3CB08 /* JKAsyncsViewController.swift in Sources */ = {isa = PBXBuildFile; fileRef = 84009E092563D8BA00C3CB08 /* JKAsyncsViewController.swift */; };
		8401537B2552A7B2001AB2FD /* DateFormatterExtensionViewController.swift in Sources */ = {isa = PBXBuildFile; fileRef = 8401537A2552A7B2001AB2FD /* DateFormatterExtensionViewController.swift */; };
		8401537D2552A8C3001AB2FD /* URLExtensionViewController.swift in Sources */ = {isa = PBXBuildFile; fileRef = 8401537C2552A8C3001AB2FD /* URLExtensionViewController.swift */; };
		8401537F2552B34A001AB2FD /* DictionaryExtensionViewController.swift in Sources */ = {isa = PBXBuildFile; fileRef = 8401537E2552B34A001AB2FD /* DictionaryExtensionViewController.swift */; };
		84058C972554FA44007F0C30 /* UIViewExtensionViewController.swift in Sources */ = {isa = PBXBuildFile; fileRef = 84058C962554FA43007F0C30 /* UIViewExtensionViewController.swift */; };
		840F883F256637BE009B73DA /* huaban1.png in Resources */ = {isa = PBXBuildFile; fileRef = 840F883E256637BE009B73DA /* huaban1.png */; };
		840F884325663B24009B73DA /* girl.png in Resources */ = {isa = PBXBuildFile; fileRef = 840F884225663B24009B73DA /* girl.png */; };
		8418FB97255B8642000CB0B3 /* UILabelExtensionViewController.swift in Sources */ = {isa = PBXBuildFile; fileRef = 8418FB96255B8642000CB0B3 /* UILabelExtensionViewController.swift */; };
		8418FB99255BBCE3000CB0B3 /* UITableViewExtensionViewController.swift in Sources */ = {isa = PBXBuildFile; fileRef = 8418FB98255BBCE3000CB0B3 /* UITableViewExtensionViewController.swift */; };
		8418FB9B255BD42A000CB0B3 /* UINavigationControllerExtensionViewController.swift in Sources */ = {isa = PBXBuildFile; fileRef = 8418FB9A255BD42A000CB0B3 /* UINavigationControllerExtensionViewController.swift */; };
		844A634E25664F9B000059EC /* FiveViewController.swift in Sources */ = {isa = PBXBuildFile; fileRef = 844A634625664F9A000059EC /* FiveViewController.swift */; };
		844A634F25664F9B000059EC /* Notification+Extension.swift in Sources */ = {isa = PBXBuildFile; fileRef = 844A634725664F9B000059EC /* Notification+Extension.swift */; };
		844A635025664F9B000059EC /* TwoViewController.swift in Sources */ = {isa = PBXBuildFile; fileRef = 844A634825664F9B000059EC /* TwoViewController.swift */; };
		844A635125664F9B000059EC /* FourViewController.swift in Sources */ = {isa = PBXBuildFile; fileRef = 844A634925664F9B000059EC /* FourViewController.swift */; };
		844A635225664F9B000059EC /* TestViewController.swift in Sources */ = {isa = PBXBuildFile; fileRef = 844A634A25664F9B000059EC /* TestViewController.swift */; };
		844A635325664F9B000059EC /* SixViewController.swift in Sources */ = {isa = PBXBuildFile; fileRef = 844A634B25664F9B000059EC /* SixViewController.swift */; };
		844A635425664F9B000059EC /* ThreeViewController.swift in Sources */ = {isa = PBXBuildFile; fileRef = 844A634C25664F9B000059EC /* ThreeViewController.swift */; };
		844A635525664F9B000059EC /* OneViewController.swift in Sources */ = {isa = PBXBuildFile; fileRef = 844A634D25664F9B000059EC /* OneViewController.swift */; };
		844A635925664FE7000059EC /* JKTouchView.swift in Sources */ = {isa = PBXBuildFile; fileRef = 844A635825664FE7000059EC /* JKTouchView.swift */; };
		844A635D25665328000059EC /* TouchViewController.swift in Sources */ = {isa = PBXBuildFile; fileRef = 844A635C25665328000059EC /* TouchViewController.swift */; };
		8473AAC02562889500707877 /* UIImageViewExtensionViewController.swift in Sources */ = {isa = PBXBuildFile; fileRef = 8473AABF2562889500707877 /* UIImageViewExtensionViewController.swift */; };
		8473AADA2562985B00707877 /* pika2.gif in Resources */ = {isa = PBXBuildFile; fileRef = 8473AAD82562985A00707877 /* pika2.gif */; };
		847D4B452560DF85000DDA3C /* UIBezierPathExtensionViewController.swift in Sources */ = {isa = PBXBuildFile; fileRef = 847D4B442560DF84000DDA3C /* UIBezierPathExtensionViewController.swift */; };
		847D4B9625611E50000DDA3C /* UIImageExtensionViewController.swift in Sources */ = {isa = PBXBuildFile; fileRef = 847D4B9525611E50000DDA3C /* UIImageExtensionViewController.swift */; };
		847DE9552573F0B60080EEC0 /* testFile.text in Resources */ = {isa = PBXBuildFile; fileRef = 847DE9542573F0B60080EEC0 /* testFile.text */; };
		847DFF262550F07600EEE785 /* Int64ExtensionViewController.swift in Sources */ = {isa = PBXBuildFile; fileRef = 847DFF252550F07600EEE785 /* Int64ExtensionViewController.swift */; };
		847DFF282550F43C00EEE785 /* UIntExtensionViewController.swift in Sources */ = {isa = PBXBuildFile; fileRef = 847DFF272550F43C00EEE785 /* UIntExtensionViewController.swift */; };
		847DFF2A2550F5D400EEE785 /* CharacterExtensionViewController.swift in Sources */ = {isa = PBXBuildFile; fileRef = 847DFF292550F5D400EEE785 /* CharacterExtensionViewController.swift */; };
		847DFF2C2550F8C100EEE785 /* BoolExtensionViewController.swift in Sources */ = {isa = PBXBuildFile; fileRef = 847DFF2B2550F8C100EEE785 /* BoolExtensionViewController.swift */; };
		848028082558D5A70038748A /* CALayerExtensionViewController.swift in Sources */ = {isa = PBXBuildFile; fileRef = 848028072558D5A70038748A /* CALayerExtensionViewController.swift */; };
		8480280A2558E7940038748A /* UIScreenExtensionViewController.swift in Sources */ = {isa = PBXBuildFile; fileRef = 848028092558E7940038748A /* UIScreenExtensionViewController.swift */; };
		8480280C255926120038748A /* CATextLayerExtensionViewController.swift in Sources */ = {isa = PBXBuildFile; fileRef = 8480280B255926120038748A /* CATextLayerExtensionViewController.swift */; };
		8480280E255933DE0038748A /* UIControlExtensionViewController.swift in Sources */ = {isa = PBXBuildFile; fileRef = 8480280D255933DE0038748A /* UIControlExtensionViewController.swift */; };
		84802814255948730038748A /* NSMutableAttributedStringExtensionViewController.swift in Sources */ = {isa = PBXBuildFile; fileRef = 84802813255948730038748A /* NSMutableAttributedStringExtensionViewController.swift */; };
		8480281625594C1E0038748A /* UIAlertControllerExtensionViewController.swift in Sources */ = {isa = PBXBuildFile; fileRef = 8480281525594C1E0038748A /* UIAlertControllerExtensionViewController.swift */; };
		84802818255957560038748A /* UIApplicationExtensionViewController.swift in Sources */ = {isa = PBXBuildFile; fileRef = 84802817255957560038748A /* UIApplicationExtensionViewController.swift */; };
		8480281A255963610038748A /* UISwitchExtensionViewController.swift in Sources */ = {isa = PBXBuildFile; fileRef = 84802819255963610038748A /* UISwitchExtensionViewController.swift */; };
		84813774254A5EC100D9289C /* UIColorExtensionViewController.swift in Sources */ = {isa = PBXBuildFile; fileRef = 84813773254A5EC100D9289C /* UIColorExtensionViewController.swift */; };
		8482AA062553EEFF00EB0A7A /* FileManagerExtensionViewController.swift in Sources */ = {isa = PBXBuildFile; fileRef = 8482AA052553EEFF00EB0A7A /* FileManagerExtensionViewController.swift */; };
		8482AA082553F09900EB0A7A /* TimerExtensionViewController.swift in Sources */ = {isa = PBXBuildFile; fileRef = 8482AA072553F09900EB0A7A /* TimerExtensionViewController.swift */; };
		8482AA0A2554075E00EB0A7A /* UIDeviceExtensionViewController.swift in Sources */ = {isa = PBXBuildFile; fileRef = 8482AA092554075E00EB0A7A /* UIDeviceExtensionViewController.swift */; };
		848331C9251C66AB00DEB439 /* StringTest.swift in Sources */ = {isa = PBXBuildFile; fileRef = 848331C8251C66AB00DEB439 /* StringTest.swift */; };
		8483A6CA254BC02B00ACF6FD /* BundleExtensionViewController.swift in Sources */ = {isa = PBXBuildFile; fileRef = 8483A6C9254BC02B00ACF6FD /* BundleExtensionViewController.swift */; };
		8483A72C254BF0AD00ACF6FD /* JKBaseKit.bundle in Resources */ = {isa = PBXBuildFile; fileRef = 8483A72B254BF0AD00ACF6FD /* JKBaseKit.bundle */; };
		8483A730254C0A7F00ACF6FD /* testicon.png in Resources */ = {isa = PBXBuildFile; fileRef = 8483A72F254C0A7F00ACF6FD /* testicon.png */; };
		8483A732254C0D6200ACF6FD /* JKPrintViewController.swift in Sources */ = {isa = PBXBuildFile; fileRef = 8483A731254C0D6200ACF6FD /* JKPrintViewController.swift */; };
		8483A735254C119700ACF6FD /* BaseViewController.swift in Sources */ = {isa = PBXBuildFile; fileRef = 8483A734254C119700ACF6FD /* BaseViewController.swift */; };
		8483A737254C11C200ACF6FD /* JKRuntimeViewController.swift in Sources */ = {isa = PBXBuildFile; fileRef = 8483A736254C11C200ACF6FD /* JKRuntimeViewController.swift */; };
		8483A739254EC47E00ACF6FD /* NSObjectExtensionViewController.swift in Sources */ = {isa = PBXBuildFile; fileRef = 8483A738254EC47E00ACF6FD /* NSObjectExtensionViewController.swift */; };
		8483C4C0255E799B0034A2F7 /* UIStackViewExtensionViewController.swift in Sources */ = {isa = PBXBuildFile; fileRef = 8483C4BF255E799B0034A2F7 /* UIStackViewExtensionViewController.swift */; };
		8483C4CF255E94A30034A2F7 /* UITextFieldExtensionViewController.swift in Sources */ = {isa = PBXBuildFile; fileRef = 8483C4CE255E94A30034A2F7 /* UITextFieldExtensionViewController.swift */; };
		8485CC7E2520368D00E2FCD0 /* QRCodeImageFactoryViewController.swift in Sources */ = {isa = PBXBuildFile; fileRef = 8485CC7D2520368D00E2FCD0 /* QRCodeImageFactoryViewController.swift */; };
		8488026D256DF0DE007D41CA /* TestFileViewController.swift in Sources */ = {isa = PBXBuildFile; fileRef = 8488026C256DF0DE007D41CA /* TestFileViewController.swift */; };
		849D58F02536ADD300CCDF0F /* StringExtensionViewController.swift in Sources */ = {isa = PBXBuildFile; fileRef = 849D58EF2536ADD300CCDF0F /* StringExtensionViewController.swift */; };
		849D58F42537090B00CCDF0F /* NSDecimalNumberHandlerExtensionViewController.swift in Sources */ = {isa = PBXBuildFile; fileRef = 849D58F32537090B00CCDF0F /* NSDecimalNumberHandlerExtensionViewController.swift */; };
		84A5D2D62547B48E003D289C /* DateExtensionViewController.swift in Sources */ = {isa = PBXBuildFile; fileRef = 84A5D2D52547B48E003D289C /* DateExtensionViewController.swift */; };
		84A6FB73255A40E400057839 /* UIBarButtonItemExtensionViewController.swift in Sources */ = {isa = PBXBuildFile; fileRef = 84A6FB72255A40E400057839 /* UIBarButtonItemExtensionViewController.swift */; };
		84A6FB77255A655700057839 /* BaseNavigationViewController.swift in Sources */ = {isa = PBXBuildFile; fileRef = 84A6FB76255A655700057839 /* BaseNavigationViewController.swift */; };
		84A6FB79255A65EC00057839 /* UIButtonExtensionViewController.swift in Sources */ = {isa = PBXBuildFile; fileRef = 84A6FB78255A65EC00057839 /* UIButtonExtensionViewController.swift */; };
		84A8FEFF2534598A00830EAF /* ArrayExtensionViewController.swift in Sources */ = {isa = PBXBuildFile; fileRef = 84A8FEFE2534598A00830EAF /* ArrayExtensionViewController.swift */; };
		84B29411257747EF009E7760 /* UINavigationBarExtensionViewController.swift in Sources */ = {isa = PBXBuildFile; fileRef = 84B29410257747EF009E7760 /* UINavigationBarExtensionViewController.swift */; };
		84B4440A2575E8AD00D3DD1D /* DataExtensionViewController.swift in Sources */ = {isa = PBXBuildFile; fileRef = 84B444092575E8AD00D3DD1D /* DataExtensionViewController.swift */; };
		84BEA371254F9C7A00CA8A75 /* UserDefaultsExtensionViewController.swift in Sources */ = {isa = PBXBuildFile; fileRef = 84BEA370254F9C7A00CA8A75 /* UserDefaultsExtensionViewController.swift */; };
		84BEA373254FAC6600CA8A75 /* UIFontExtensionViewController.swift in Sources */ = {isa = PBXBuildFile; fileRef = 84BEA372254FAC6600CA8A75 /* UIFontExtensionViewController.swift */; };
		84BEA379254FD78E00CA8A75 /* FloatExtensionViewController.swift in Sources */ = {isa = PBXBuildFile; fileRef = 84BEA378254FD78E00CA8A75 /* FloatExtensionViewController.swift */; };
		84BEA37B25500B8F00CA8A75 /* DoubleExtensionViewController.swift in Sources */ = {isa = PBXBuildFile; fileRef = 84BEA37A25500B8F00CA8A75 /* DoubleExtensionViewController.swift */; };
		84BF16C6251D9F8D002ACE76 /* FoundationExtensionViewController.swift in Sources */ = {isa = PBXBuildFile; fileRef = 84BF16C5251D9F8D002ACE76 /* FoundationExtensionViewController.swift */; };
		84BF16C8251D9FB6002ACE76 /* UIKitExtensionViewController.swift in Sources */ = {isa = PBXBuildFile; fileRef = 84BF16C7251D9FB6002ACE76 /* UIKitExtensionViewController.swift */; };
		84BF16CA251D9FD3002ACE76 /* ProtocolViewController.swift in Sources */ = {isa = PBXBuildFile; fileRef = 84BF16C9251D9FD3002ACE76 /* ProtocolViewController.swift */; };
		84BF16CC251DA012002ACE76 /* SmallToolsViewController.swift in Sources */ = {isa = PBXBuildFile; fileRef = 84BF16CB251DA012002ACE76 /* SmallToolsViewController.swift */; };
		84C4BF5F25500E5C00B3705F /* CGFloatExtensionViewController.swift in Sources */ = {isa = PBXBuildFile; fileRef = 84C4BF5E25500E5C00B3705F /* CGFloatExtensionViewController.swift */; };
		84C4BF6125501B3600B3705F /* IntExtensionViewController.swift in Sources */ = {isa = PBXBuildFile; fileRef = 84C4BF6025501B3600B3705F /* IntExtensionViewController.swift */; };
		84CC32AD255CDBB300F489F0 /* UIScrollViewExtensionViewController.swift in Sources */ = {isa = PBXBuildFile; fileRef = 84CC32AC255CDBB300F489F0 /* UIScrollViewExtensionViewController.swift */; };
		84CC32AF255D39F000F489F0 /* UITextViewExtensionViewController.swift in Sources */ = {isa = PBXBuildFile; fileRef = 84CC32AE255D39F000F489F0 /* UITextViewExtensionViewController.swift */; };
		84D8EC94255BFA3A001ACECA /* UIViewControllerExtensionViewController.swift in Sources */ = {isa = PBXBuildFile; fileRef = 84D8EC93255BFA3A001ACECA /* UIViewControllerExtensionViewController.swift */; };
		84D9BD7D2565165D00D92461 /* MaskingManagerExtensionViewController.swift in Sources */ = {isa = PBXBuildFile; fileRef = 84D9BD7C2565165D00D92461 /* MaskingManagerExtensionViewController.swift */; };
		84D9BD9725651BEB00D92461 /* KeyboardAccessoryViewController.swift in Sources */ = {isa = PBXBuildFile; fileRef = 84D9BD9625651BEB00D92461 /* KeyboardAccessoryViewController.swift */; };
		84D9BDA925651FA600D92461 /* WeakTimerViewController.swift in Sources */ = {isa = PBXBuildFile; fileRef = 84D9BDA825651FA600D92461 /* WeakTimerViewController.swift */; };
		84D9BDB825652C7200D92461 /* NibLoadableViewController.swift in Sources */ = {isa = PBXBuildFile; fileRef = 84D9BDB725652C7200D92461 /* NibLoadableViewController.swift */; };
		84D9BDCD25652D8C00D92461 /* TestView.swift in Sources */ = {isa = PBXBuildFile; fileRef = 84D9BDCC25652D8C00D92461 /* TestView.swift */; };
		84D9BDD125652D9900D92461 /* TestView.xib in Resources */ = {isa = PBXBuildFile; fileRef = 84D9BDD025652D9900D92461 /* TestView.xib */; };
		84D9BDD525652FE500D92461 /* JKEmitterableViewController.swift in Sources */ = {isa = PBXBuildFile; fileRef = 84D9BDD425652FE400D92461 /* JKEmitterableViewController.swift */; };
		84F86FBD2564B4C400B74128 /* JKCommonToolViewController.swift in Sources */ = {isa = PBXBuildFile; fileRef = 84F86FBC2564B4C400B74128 /* JKCommonToolViewController.swift */; };
		84F86FCC2564C66E00B74128 /* JKContentSizeViewController.swift in Sources */ = {isa = PBXBuildFile; fileRef = 84F86FCB2564C66E00B74128 /* JKContentSizeViewController.swift */; };
		84F86FEC2564EAF500B74128 /* JKValidateHelperViewController.swift in Sources */ = {isa = PBXBuildFile; fileRef = 84F86FEB2564EAF500B74128 /* JKValidateHelperViewController.swift */; };
		84F86FFD2564F22700B74128 /* JKVerticalCarouselViewController.swift in Sources */ = {isa = PBXBuildFile; fileRef = 84F86FFC2564F22700B74128 /* JKVerticalCarouselViewController.swift */; };
		84F870012564F91600B74128 /* JKWaterFallLayoutViewController.swift in Sources */ = {isa = PBXBuildFile; fileRef = 84F870002564F91600B74128 /* JKWaterFallLayoutViewController.swift */; };
/* End PBXBuildFile section */

/* Begin PBXContainerItemProxy section */
		607FACE61AFB9204008FA782 /* PBXContainerItemProxy */ = {
			isa = PBXContainerItemProxy;
			containerPortal = 607FACC81AFB9204008FA782 /* Project object */;
			proxyType = 1;
			remoteGlobalIDString = 607FACCF1AFB9204008FA782;
			remoteInfo = JKSwiftExtension;
		};
/* End PBXContainerItemProxy section */

/* Begin PBXFileReference section */
		2FEA1C54E10568E8E6A827CF /* Pods_JKSwiftExtension_Tests.framework */ = {isa = PBXFileReference; explicitFileType = wrapper.framework; includeInIndex = 0; path = Pods_JKSwiftExtension_Tests.framework; sourceTree = BUILT_PRODUCTS_DIR; };
		484863D9DD238F4FD5E44FEF /* JKSwiftExtension.podspec */ = {isa = PBXFileReference; includeInIndex = 1; lastKnownFileType = text; name = JKSwiftExtension.podspec; path = ../JKSwiftExtension.podspec; sourceTree = "<group>"; xcLanguageSpecificationIdentifier = xcode.lang.ruby; };
		607FACD01AFB9204008FA782 /* JKSwiftExtension扩展.app */ = {isa = PBXFileReference; explicitFileType = wrapper.application; includeInIndex = 0; path = "JKSwiftExtension扩展.app"; sourceTree = BUILT_PRODUCTS_DIR; };
		607FACD41AFB9204008FA782 /* Info.plist */ = {isa = PBXFileReference; lastKnownFileType = text.plist.xml; path = Info.plist; sourceTree = "<group>"; };
		607FACD51AFB9204008FA782 /* AppDelegate.swift */ = {isa = PBXFileReference; lastKnownFileType = sourcecode.swift; path = AppDelegate.swift; sourceTree = "<group>"; };
		607FACD71AFB9204008FA782 /* ViewController.swift */ = {isa = PBXFileReference; lastKnownFileType = sourcecode.swift; path = ViewController.swift; sourceTree = "<group>"; };
		607FACDA1AFB9204008FA782 /* Base */ = {isa = PBXFileReference; lastKnownFileType = file.storyboard; name = Base; path = Base.lproj/Main.storyboard; sourceTree = "<group>"; };
		607FACDC1AFB9204008FA782 /* Images.xcassets */ = {isa = PBXFileReference; lastKnownFileType = folder.assetcatalog; path = Images.xcassets; sourceTree = "<group>"; };
		607FACDF1AFB9204008FA782 /* Base */ = {isa = PBXFileReference; lastKnownFileType = file.xib; name = Base; path = Base.lproj/LaunchScreen.xib; sourceTree = "<group>"; };
		607FACE51AFB9204008FA782 /* JKSwiftExtension_Tests.xctest */ = {isa = PBXFileReference; explicitFileType = wrapper.cfbundle; includeInIndex = 0; path = JKSwiftExtension_Tests.xctest; sourceTree = BUILT_PRODUCTS_DIR; };
		607FACEA1AFB9204008FA782 /* Info.plist */ = {isa = PBXFileReference; lastKnownFileType = text.plist.xml; path = Info.plist; sourceTree = "<group>"; };
		607FACEB1AFB9204008FA782 /* Tests.swift */ = {isa = PBXFileReference; lastKnownFileType = sourcecode.swift; path = Tests.swift; sourceTree = "<group>"; };
		65BA536E406F2B31EC61EC80 /* README.md */ = {isa = PBXFileReference; includeInIndex = 1; lastKnownFileType = net.daringfireball.markdown; name = README.md; path = ../README.md; sourceTree = "<group>"; };
		84009E092563D8BA00C3CB08 /* JKAsyncsViewController.swift */ = {isa = PBXFileReference; lastKnownFileType = sourcecode.swift; path = JKAsyncsViewController.swift; sourceTree = "<group>"; };
		8401537A2552A7B2001AB2FD /* DateFormatterExtensionViewController.swift */ = {isa = PBXFileReference; lastKnownFileType = sourcecode.swift; path = DateFormatterExtensionViewController.swift; sourceTree = "<group>"; };
		8401537C2552A8C3001AB2FD /* URLExtensionViewController.swift */ = {isa = PBXFileReference; lastKnownFileType = sourcecode.swift; path = URLExtensionViewController.swift; sourceTree = "<group>"; };
		8401537E2552B34A001AB2FD /* DictionaryExtensionViewController.swift */ = {isa = PBXFileReference; lastKnownFileType = sourcecode.swift; path = DictionaryExtensionViewController.swift; sourceTree = "<group>"; };
		84058C962554FA43007F0C30 /* UIViewExtensionViewController.swift */ = {isa = PBXFileReference; lastKnownFileType = sourcecode.swift; path = UIViewExtensionViewController.swift; sourceTree = "<group>"; };
		840F883E256637BE009B73DA /* huaban1.png */ = {isa = PBXFileReference; lastKnownFileType = image.png; path = huaban1.png; sourceTree = "<group>"; };
		840F884225663B24009B73DA /* girl.png */ = {isa = PBXFileReference; lastKnownFileType = image.png; path = girl.png; sourceTree = "<group>"; };
		8418FB96255B8642000CB0B3 /* UILabelExtensionViewController.swift */ = {isa = PBXFileReference; lastKnownFileType = sourcecode.swift; path = UILabelExtensionViewController.swift; sourceTree = "<group>"; };
		8418FB98255BBCE3000CB0B3 /* UITableViewExtensionViewController.swift */ = {isa = PBXFileReference; lastKnownFileType = sourcecode.swift; path = UITableViewExtensionViewController.swift; sourceTree = "<group>"; };
		8418FB9A255BD42A000CB0B3 /* UINavigationControllerExtensionViewController.swift */ = {isa = PBXFileReference; lastKnownFileType = sourcecode.swift; path = UINavigationControllerExtensionViewController.swift; sourceTree = "<group>"; };
		844A634625664F9A000059EC /* FiveViewController.swift */ = {isa = PBXFileReference; fileEncoding = 4; lastKnownFileType = sourcecode.swift; path = FiveViewController.swift; sourceTree = "<group>"; };
		844A634725664F9B000059EC /* Notification+Extension.swift */ = {isa = PBXFileReference; fileEncoding = 4; lastKnownFileType = sourcecode.swift; path = "Notification+Extension.swift"; sourceTree = "<group>"; };
		844A634825664F9B000059EC /* TwoViewController.swift */ = {isa = PBXFileReference; fileEncoding = 4; lastKnownFileType = sourcecode.swift; path = TwoViewController.swift; sourceTree = "<group>"; };
		844A634925664F9B000059EC /* FourViewController.swift */ = {isa = PBXFileReference; fileEncoding = 4; lastKnownFileType = sourcecode.swift; path = FourViewController.swift; sourceTree = "<group>"; };
		844A634A25664F9B000059EC /* TestViewController.swift */ = {isa = PBXFileReference; fileEncoding = 4; lastKnownFileType = sourcecode.swift; path = TestViewController.swift; sourceTree = "<group>"; };
		844A634B25664F9B000059EC /* SixViewController.swift */ = {isa = PBXFileReference; fileEncoding = 4; lastKnownFileType = sourcecode.swift; path = SixViewController.swift; sourceTree = "<group>"; };
		844A634C25664F9B000059EC /* ThreeViewController.swift */ = {isa = PBXFileReference; fileEncoding = 4; lastKnownFileType = sourcecode.swift; path = ThreeViewController.swift; sourceTree = "<group>"; };
		844A634D25664F9B000059EC /* OneViewController.swift */ = {isa = PBXFileReference; fileEncoding = 4; lastKnownFileType = sourcecode.swift; path = OneViewController.swift; sourceTree = "<group>"; };
		844A635825664FE7000059EC /* JKTouchView.swift */ = {isa = PBXFileReference; lastKnownFileType = sourcecode.swift; path = JKTouchView.swift; sourceTree = "<group>"; };
		844A635C25665328000059EC /* TouchViewController.swift */ = {isa = PBXFileReference; lastKnownFileType = sourcecode.swift; path = TouchViewController.swift; sourceTree = "<group>"; };
		846774172511FE9900DE8B44 /* JKSwiftExtension_Example-Bridging-Header.h */ = {isa = PBXFileReference; lastKnownFileType = sourcecode.c.h; path = "JKSwiftExtension_Example-Bridging-Header.h"; sourceTree = "<group>"; };
		8473AABF2562889500707877 /* UIImageViewExtensionViewController.swift */ = {isa = PBXFileReference; lastKnownFileType = sourcecode.swift; path = UIImageViewExtensionViewController.swift; sourceTree = "<group>"; };
		8473AAD82562985A00707877 /* pika2.gif */ = {isa = PBXFileReference; lastKnownFileType = image.gif; path = pika2.gif; sourceTree = "<group>"; };
		847D4B442560DF84000DDA3C /* UIBezierPathExtensionViewController.swift */ = {isa = PBXFileReference; lastKnownFileType = sourcecode.swift; path = UIBezierPathExtensionViewController.swift; sourceTree = "<group>"; };
		847D4B9525611E50000DDA3C /* UIImageExtensionViewController.swift */ = {isa = PBXFileReference; lastKnownFileType = sourcecode.swift; path = UIImageExtensionViewController.swift; sourceTree = "<group>"; };
		847DE9542573F0B60080EEC0 /* testFile.text */ = {isa = PBXFileReference; fileEncoding = 4; lastKnownFileType = net.daringfireball.markdown; path = testFile.text; sourceTree = "<group>"; };
		847DFF252550F07600EEE785 /* Int64ExtensionViewController.swift */ = {isa = PBXFileReference; lastKnownFileType = sourcecode.swift; path = Int64ExtensionViewController.swift; sourceTree = "<group>"; };
		847DFF272550F43C00EEE785 /* UIntExtensionViewController.swift */ = {isa = PBXFileReference; lastKnownFileType = sourcecode.swift; path = UIntExtensionViewController.swift; sourceTree = "<group>"; };
		847DFF292550F5D400EEE785 /* CharacterExtensionViewController.swift */ = {isa = PBXFileReference; lastKnownFileType = sourcecode.swift; path = CharacterExtensionViewController.swift; sourceTree = "<group>"; };
		847DFF2B2550F8C100EEE785 /* BoolExtensionViewController.swift */ = {isa = PBXFileReference; lastKnownFileType = sourcecode.swift; path = BoolExtensionViewController.swift; sourceTree = "<group>"; };
		848028072558D5A70038748A /* CALayerExtensionViewController.swift */ = {isa = PBXFileReference; lastKnownFileType = sourcecode.swift; path = CALayerExtensionViewController.swift; sourceTree = "<group>"; };
		848028092558E7940038748A /* UIScreenExtensionViewController.swift */ = {isa = PBXFileReference; lastKnownFileType = sourcecode.swift; path = UIScreenExtensionViewController.swift; sourceTree = "<group>"; };
		8480280B255926120038748A /* CATextLayerExtensionViewController.swift */ = {isa = PBXFileReference; lastKnownFileType = sourcecode.swift; path = CATextLayerExtensionViewController.swift; sourceTree = "<group>"; };
		8480280D255933DE0038748A /* UIControlExtensionViewController.swift */ = {isa = PBXFileReference; lastKnownFileType = sourcecode.swift; path = UIControlExtensionViewController.swift; sourceTree = "<group>"; };
		84802813255948730038748A /* NSMutableAttributedStringExtensionViewController.swift */ = {isa = PBXFileReference; lastKnownFileType = sourcecode.swift; path = NSMutableAttributedStringExtensionViewController.swift; sourceTree = "<group>"; };
		8480281525594C1E0038748A /* UIAlertControllerExtensionViewController.swift */ = {isa = PBXFileReference; lastKnownFileType = sourcecode.swift; path = UIAlertControllerExtensionViewController.swift; sourceTree = "<group>"; };
		84802817255957560038748A /* UIApplicationExtensionViewController.swift */ = {isa = PBXFileReference; lastKnownFileType = sourcecode.swift; path = UIApplicationExtensionViewController.swift; sourceTree = "<group>"; };
		84802819255963610038748A /* UISwitchExtensionViewController.swift */ = {isa = PBXFileReference; lastKnownFileType = sourcecode.swift; path = UISwitchExtensionViewController.swift; sourceTree = "<group>"; };
		84813773254A5EC100D9289C /* UIColorExtensionViewController.swift */ = {isa = PBXFileReference; lastKnownFileType = sourcecode.swift; path = UIColorExtensionViewController.swift; sourceTree = "<group>"; };
		8482AA052553EEFF00EB0A7A /* FileManagerExtensionViewController.swift */ = {isa = PBXFileReference; lastKnownFileType = sourcecode.swift; path = FileManagerExtensionViewController.swift; sourceTree = "<group>"; };
		8482AA072553F09900EB0A7A /* TimerExtensionViewController.swift */ = {isa = PBXFileReference; lastKnownFileType = sourcecode.swift; path = TimerExtensionViewController.swift; sourceTree = "<group>"; };
		8482AA092554075E00EB0A7A /* UIDeviceExtensionViewController.swift */ = {isa = PBXFileReference; lastKnownFileType = sourcecode.swift; path = UIDeviceExtensionViewController.swift; sourceTree = "<group>"; };
		848331C8251C66AB00DEB439 /* StringTest.swift */ = {isa = PBXFileReference; lastKnownFileType = sourcecode.swift; path = StringTest.swift; sourceTree = "<group>"; };
		8483A6C9254BC02B00ACF6FD /* BundleExtensionViewController.swift */ = {isa = PBXFileReference; lastKnownFileType = sourcecode.swift; path = BundleExtensionViewController.swift; sourceTree = "<group>"; };
		8483A72B254BF0AD00ACF6FD /* JKBaseKit.bundle */ = {isa = PBXFileReference; lastKnownFileType = "wrapper.plug-in"; path = JKBaseKit.bundle; sourceTree = "<group>"; };
		8483A72F254C0A7F00ACF6FD /* testicon.png */ = {isa = PBXFileReference; lastKnownFileType = image.png; path = testicon.png; sourceTree = "<group>"; };
		8483A731254C0D6200ACF6FD /* JKPrintViewController.swift */ = {isa = PBXFileReference; lastKnownFileType = sourcecode.swift; path = JKPrintViewController.swift; sourceTree = "<group>"; };
		8483A734254C119700ACF6FD /* BaseViewController.swift */ = {isa = PBXFileReference; lastKnownFileType = sourcecode.swift; path = BaseViewController.swift; sourceTree = "<group>"; };
		8483A736254C11C200ACF6FD /* JKRuntimeViewController.swift */ = {isa = PBXFileReference; lastKnownFileType = sourcecode.swift; path = JKRuntimeViewController.swift; sourceTree = "<group>"; };
		8483A738254EC47E00ACF6FD /* NSObjectExtensionViewController.swift */ = {isa = PBXFileReference; lastKnownFileType = sourcecode.swift; path = NSObjectExtensionViewController.swift; sourceTree = "<group>"; };
		8483C4BF255E799B0034A2F7 /* UIStackViewExtensionViewController.swift */ = {isa = PBXFileReference; lastKnownFileType = sourcecode.swift; path = UIStackViewExtensionViewController.swift; sourceTree = "<group>"; };
		8483C4CE255E94A30034A2F7 /* UITextFieldExtensionViewController.swift */ = {isa = PBXFileReference; lastKnownFileType = sourcecode.swift; path = UITextFieldExtensionViewController.swift; sourceTree = "<group>"; };
		8485CC7D2520368D00E2FCD0 /* QRCodeImageFactoryViewController.swift */ = {isa = PBXFileReference; lastKnownFileType = sourcecode.swift; path = QRCodeImageFactoryViewController.swift; sourceTree = "<group>"; };
		8488026C256DF0DE007D41CA /* TestFileViewController.swift */ = {isa = PBXFileReference; lastKnownFileType = sourcecode.swift; path = TestFileViewController.swift; sourceTree = "<group>"; };
		849D58EF2536ADD300CCDF0F /* StringExtensionViewController.swift */ = {isa = PBXFileReference; lastKnownFileType = sourcecode.swift; path = StringExtensionViewController.swift; sourceTree = "<group>"; };
		849D58F32537090B00CCDF0F /* NSDecimalNumberHandlerExtensionViewController.swift */ = {isa = PBXFileReference; lastKnownFileType = sourcecode.swift; path = NSDecimalNumberHandlerExtensionViewController.swift; sourceTree = "<group>"; };
		84A5D2D52547B48E003D289C /* DateExtensionViewController.swift */ = {isa = PBXFileReference; lastKnownFileType = sourcecode.swift; path = DateExtensionViewController.swift; sourceTree = "<group>"; };
		84A6FB72255A40E400057839 /* UIBarButtonItemExtensionViewController.swift */ = {isa = PBXFileReference; lastKnownFileType = sourcecode.swift; path = UIBarButtonItemExtensionViewController.swift; sourceTree = "<group>"; };
		84A6FB76255A655700057839 /* BaseNavigationViewController.swift */ = {isa = PBXFileReference; lastKnownFileType = sourcecode.swift; path = BaseNavigationViewController.swift; sourceTree = "<group>"; };
		84A6FB78255A65EC00057839 /* UIButtonExtensionViewController.swift */ = {isa = PBXFileReference; lastKnownFileType = sourcecode.swift; path = UIButtonExtensionViewController.swift; sourceTree = "<group>"; };
		84A8FEFE2534598A00830EAF /* ArrayExtensionViewController.swift */ = {isa = PBXFileReference; lastKnownFileType = sourcecode.swift; path = ArrayExtensionViewController.swift; sourceTree = "<group>"; };
		84B29410257747EF009E7760 /* UINavigationBarExtensionViewController.swift */ = {isa = PBXFileReference; lastKnownFileType = sourcecode.swift; path = UINavigationBarExtensionViewController.swift; sourceTree = "<group>"; };
		84B444092575E8AD00D3DD1D /* DataExtensionViewController.swift */ = {isa = PBXFileReference; lastKnownFileType = sourcecode.swift; path = DataExtensionViewController.swift; sourceTree = "<group>"; };
		84BEA370254F9C7A00CA8A75 /* UserDefaultsExtensionViewController.swift */ = {isa = PBXFileReference; lastKnownFileType = sourcecode.swift; path = UserDefaultsExtensionViewController.swift; sourceTree = "<group>"; };
		84BEA372254FAC6600CA8A75 /* UIFontExtensionViewController.swift */ = {isa = PBXFileReference; lastKnownFileType = sourcecode.swift; path = UIFontExtensionViewController.swift; sourceTree = "<group>"; };
		84BEA378254FD78E00CA8A75 /* FloatExtensionViewController.swift */ = {isa = PBXFileReference; lastKnownFileType = sourcecode.swift; path = FloatExtensionViewController.swift; sourceTree = "<group>"; };
		84BEA37A25500B8F00CA8A75 /* DoubleExtensionViewController.swift */ = {isa = PBXFileReference; lastKnownFileType = sourcecode.swift; path = DoubleExtensionViewController.swift; sourceTree = "<group>"; };
		84BF16C5251D9F8D002ACE76 /* FoundationExtensionViewController.swift */ = {isa = PBXFileReference; lastKnownFileType = sourcecode.swift; path = FoundationExtensionViewController.swift; sourceTree = "<group>"; };
		84BF16C7251D9FB6002ACE76 /* UIKitExtensionViewController.swift */ = {isa = PBXFileReference; lastKnownFileType = sourcecode.swift; path = UIKitExtensionViewController.swift; sourceTree = "<group>"; };
		84BF16C9251D9FD3002ACE76 /* ProtocolViewController.swift */ = {isa = PBXFileReference; lastKnownFileType = sourcecode.swift; path = ProtocolViewController.swift; sourceTree = "<group>"; };
		84BF16CB251DA012002ACE76 /* SmallToolsViewController.swift */ = {isa = PBXFileReference; lastKnownFileType = sourcecode.swift; path = SmallToolsViewController.swift; sourceTree = "<group>"; };
		84C4BF5E25500E5C00B3705F /* CGFloatExtensionViewController.swift */ = {isa = PBXFileReference; lastKnownFileType = sourcecode.swift; path = CGFloatExtensionViewController.swift; sourceTree = "<group>"; };
		84C4BF6025501B3600B3705F /* IntExtensionViewController.swift */ = {isa = PBXFileReference; lastKnownFileType = sourcecode.swift; path = IntExtensionViewController.swift; sourceTree = "<group>"; };
		84CC32AC255CDBB300F489F0 /* UIScrollViewExtensionViewController.swift */ = {isa = PBXFileReference; lastKnownFileType = sourcecode.swift; path = UIScrollViewExtensionViewController.swift; sourceTree = "<group>"; };
		84CC32AE255D39F000F489F0 /* UITextViewExtensionViewController.swift */ = {isa = PBXFileReference; lastKnownFileType = sourcecode.swift; path = UITextViewExtensionViewController.swift; sourceTree = "<group>"; };
		84D8EC93255BFA3A001ACECA /* UIViewControllerExtensionViewController.swift */ = {isa = PBXFileReference; lastKnownFileType = sourcecode.swift; path = UIViewControllerExtensionViewController.swift; sourceTree = "<group>"; };
		84D9BD7C2565165D00D92461 /* MaskingManagerExtensionViewController.swift */ = {isa = PBXFileReference; lastKnownFileType = sourcecode.swift; path = MaskingManagerExtensionViewController.swift; sourceTree = "<group>"; };
		84D9BD9625651BEB00D92461 /* KeyboardAccessoryViewController.swift */ = {isa = PBXFileReference; lastKnownFileType = sourcecode.swift; path = KeyboardAccessoryViewController.swift; sourceTree = "<group>"; };
		84D9BDA825651FA600D92461 /* WeakTimerViewController.swift */ = {isa = PBXFileReference; lastKnownFileType = sourcecode.swift; path = WeakTimerViewController.swift; sourceTree = "<group>"; };
		84D9BDB725652C7200D92461 /* NibLoadableViewController.swift */ = {isa = PBXFileReference; lastKnownFileType = sourcecode.swift; path = NibLoadableViewController.swift; sourceTree = "<group>"; };
		84D9BDCC25652D8C00D92461 /* TestView.swift */ = {isa = PBXFileReference; lastKnownFileType = sourcecode.swift; path = TestView.swift; sourceTree = "<group>"; };
		84D9BDD025652D9900D92461 /* TestView.xib */ = {isa = PBXFileReference; lastKnownFileType = file.xib; path = TestView.xib; sourceTree = "<group>"; };
		84D9BDD425652FE400D92461 /* JKEmitterableViewController.swift */ = {isa = PBXFileReference; lastKnownFileType = sourcecode.swift; path = JKEmitterableViewController.swift; sourceTree = "<group>"; };
		84F86FBC2564B4C400B74128 /* JKCommonToolViewController.swift */ = {isa = PBXFileReference; lastKnownFileType = sourcecode.swift; path = JKCommonToolViewController.swift; sourceTree = "<group>"; };
		84F86FCB2564C66E00B74128 /* JKContentSizeViewController.swift */ = {isa = PBXFileReference; lastKnownFileType = sourcecode.swift; path = JKContentSizeViewController.swift; sourceTree = "<group>"; };
		84F86FEB2564EAF500B74128 /* JKValidateHelperViewController.swift */ = {isa = PBXFileReference; lastKnownFileType = sourcecode.swift; path = JKValidateHelperViewController.swift; sourceTree = "<group>"; };
		84F86FFC2564F22700B74128 /* JKVerticalCarouselViewController.swift */ = {isa = PBXFileReference; lastKnownFileType = sourcecode.swift; path = JKVerticalCarouselViewController.swift; sourceTree = "<group>"; };
		84F870002564F91600B74128 /* JKWaterFallLayoutViewController.swift */ = {isa = PBXFileReference; lastKnownFileType = sourcecode.swift; path = JKWaterFallLayoutViewController.swift; sourceTree = "<group>"; };
		88DDA121456371E8DD11E3A3 /* Pods-JKSwiftExtension_Tests.release.xcconfig */ = {isa = PBXFileReference; includeInIndex = 1; lastKnownFileType = text.xcconfig; name = "Pods-JKSwiftExtension_Tests.release.xcconfig"; path = "Target Support Files/Pods-JKSwiftExtension_Tests/Pods-JKSwiftExtension_Tests.release.xcconfig"; sourceTree = "<group>"; };
		9813482D301100D63B15615B /* LICENSE */ = {isa = PBXFileReference; includeInIndex = 1; lastKnownFileType = text; name = LICENSE; path = ../LICENSE; sourceTree = "<group>"; };
		BB14143CC4D03081EA63A0FB /* Pods-JKSwiftExtension_Tests.debug.xcconfig */ = {isa = PBXFileReference; includeInIndex = 1; lastKnownFileType = text.xcconfig; name = "Pods-JKSwiftExtension_Tests.debug.xcconfig"; path = "Target Support Files/Pods-JKSwiftExtension_Tests/Pods-JKSwiftExtension_Tests.debug.xcconfig"; sourceTree = "<group>"; };
		C380DCAFA65374A7AABDDBAD /* Pods-JKSwiftExtension_Example.release.xcconfig */ = {isa = PBXFileReference; includeInIndex = 1; lastKnownFileType = text.xcconfig; name = "Pods-JKSwiftExtension_Example.release.xcconfig"; path = "Target Support Files/Pods-JKSwiftExtension_Example/Pods-JKSwiftExtension_Example.release.xcconfig"; sourceTree = "<group>"; };
		D3AEFEB5263B3D64A7F08967 /* Pods-JKSwiftExtension_Example.debug.xcconfig */ = {isa = PBXFileReference; includeInIndex = 1; lastKnownFileType = text.xcconfig; name = "Pods-JKSwiftExtension_Example.debug.xcconfig"; path = "Target Support Files/Pods-JKSwiftExtension_Example/Pods-JKSwiftExtension_Example.debug.xcconfig"; sourceTree = "<group>"; };
		FA3D0426FDCFDD919F4C3DCA /* Pods_JKSwiftExtension_Example.framework */ = {isa = PBXFileReference; explicitFileType = wrapper.framework; includeInIndex = 0; path = Pods_JKSwiftExtension_Example.framework; sourceTree = BUILT_PRODUCTS_DIR; };
/* End PBXFileReference section */

/* Begin PBXFrameworksBuildPhase section */
		607FACCD1AFB9204008FA782 /* Frameworks */ = {
			isa = PBXFrameworksBuildPhase;
			buildActionMask = 2147483647;
			files = (
				6FC5FB83742FE817753295E8 /* Pods_JKSwiftExtension_Example.framework in Frameworks */,
			);
			runOnlyForDeploymentPostprocessing = 0;
		};
		607FACE21AFB9204008FA782 /* Frameworks */ = {
			isa = PBXFrameworksBuildPhase;
			buildActionMask = 2147483647;
			files = (
				687E347F9A62286E9AC825CD /* Pods_JKSwiftExtension_Tests.framework in Frameworks */,
			);
			runOnlyForDeploymentPostprocessing = 0;
		};
/* End PBXFrameworksBuildPhase section */

/* Begin PBXGroup section */
		3F2ABADB450A1693AB491968 /* Pods */ = {
			isa = PBXGroup;
			children = (
				D3AEFEB5263B3D64A7F08967 /* Pods-JKSwiftExtension_Example.debug.xcconfig */,
				C380DCAFA65374A7AABDDBAD /* Pods-JKSwiftExtension_Example.release.xcconfig */,
				BB14143CC4D03081EA63A0FB /* Pods-JKSwiftExtension_Tests.debug.xcconfig */,
				88DDA121456371E8DD11E3A3 /* Pods-JKSwiftExtension_Tests.release.xcconfig */,
			);
			path = Pods;
			sourceTree = "<group>";
		};
		607FACC71AFB9204008FA782 = {
			isa = PBXGroup;
			children = (
				607FACF51AFB993E008FA782 /* Podspec Metadata */,
				607FACD21AFB9204008FA782 /* Example for JKSwiftExtension */,
				607FACE81AFB9204008FA782 /* Tests */,
				607FACD11AFB9204008FA782 /* Products */,
				3F2ABADB450A1693AB491968 /* Pods */,
				B8274FB6B834330C0882AAED /* Frameworks */,
			);
			sourceTree = "<group>";
		};
		607FACD11AFB9204008FA782 /* Products */ = {
			isa = PBXGroup;
			children = (
				607FACD01AFB9204008FA782 /* JKSwiftExtension扩展.app */,
				607FACE51AFB9204008FA782 /* JKSwiftExtension_Tests.xctest */,
			);
			name = Products;
			sourceTree = "<group>";
		};
		607FACD21AFB9204008FA782 /* Example for JKSwiftExtension */ = {
			isa = PBXGroup;
			children = (
				607FACD51AFB9204008FA782 /* AppDelegate.swift */,
				607FACD71AFB9204008FA782 /* ViewController.swift */,
				607FACD91AFB9204008FA782 /* Main.storyboard */,
				84BF16A8251D9DEE002ACE76 /* Class */,
				84BF16D5251DFE5D002ACE76 /* TestFile */,
				607FACDC1AFB9204008FA782 /* Images.xcassets */,
				607FACDE1AFB9204008FA782 /* LaunchScreen.xib */,
				607FACD31AFB9204008FA782 /* Supporting Files */,
			);
			name = "Example for JKSwiftExtension";
			path = JKSwiftExtension;
			sourceTree = "<group>";
		};
		607FACD31AFB9204008FA782 /* Supporting Files */ = {
			isa = PBXGroup;
			children = (
				847DE9542573F0B60080EEC0 /* testFile.text */,
				840F884225663B24009B73DA /* girl.png */,
				8473AAD82562985A00707877 /* pika2.gif */,
				840F883E256637BE009B73DA /* huaban1.png */,
				8483A72B254BF0AD00ACF6FD /* JKBaseKit.bundle */,
				607FACD41AFB9204008FA782 /* Info.plist */,
				8483A72F254C0A7F00ACF6FD /* testicon.png */,
				846774172511FE9900DE8B44 /* JKSwiftExtension_Example-Bridging-Header.h */,
			);
			name = "Supporting Files";
			sourceTree = "<group>";
		};
		607FACE81AFB9204008FA782 /* Tests */ = {
			isa = PBXGroup;
			children = (
				607FACEB1AFB9204008FA782 /* Tests.swift */,
				848331C8251C66AB00DEB439 /* StringTest.swift */,
				607FACE91AFB9204008FA782 /* Supporting Files */,
			);
			path = Tests;
			sourceTree = "<group>";
		};
		607FACE91AFB9204008FA782 /* Supporting Files */ = {
			isa = PBXGroup;
			children = (
				607FACEA1AFB9204008FA782 /* Info.plist */,
			);
			name = "Supporting Files";
			sourceTree = "<group>";
		};
		607FACF51AFB993E008FA782 /* Podspec Metadata */ = {
			isa = PBXGroup;
			children = (
				484863D9DD238F4FD5E44FEF /* JKSwiftExtension.podspec */,
				65BA536E406F2B31EC61EC80 /* README.md */,
				9813482D301100D63B15615B /* LICENSE */,
			);
			name = "Podspec Metadata";
			sourceTree = "<group>";
		};
		844A634225664F4D000059EC /* Controller */ = {
			isa = PBXGroup;
			children = (
				8488026C256DF0DE007D41CA /* TestFileViewController.swift */,
				844A634D25664F9B000059EC /* OneViewController.swift */,
				844A634825664F9B000059EC /* TwoViewController.swift */,
				844A634C25664F9B000059EC /* ThreeViewController.swift */,
				844A634925664F9B000059EC /* FourViewController.swift */,
				844A634625664F9A000059EC /* FiveViewController.swift */,
				844A634B25664F9B000059EC /* SixViewController.swift */,
				844A634725664F9B000059EC /* Notification+Extension.swift */,
				844A634A25664F9B000059EC /* TestViewController.swift */,
				844A635C25665328000059EC /* TouchViewController.swift */,
			);
			path = Controller;
			sourceTree = "<group>";
		};
		844A634325664F4D000059EC /* ViewModel */ = {
			isa = PBXGroup;
			children = (
			);
			path = ViewModel;
			sourceTree = "<group>";
		};
		844A634425664F4D000059EC /* View */ = {
			isa = PBXGroup;
			children = (
				844A635825664FE7000059EC /* JKTouchView.swift */,
			);
			path = View;
			sourceTree = "<group>";
		};
		844A634525664F4D000059EC /* Model */ = {
			isa = PBXGroup;
			children = (
			);
			path = Model;
			sourceTree = "<group>";
		};
		8483A733254C118200ACF6FD /* Base */ = {
			isa = PBXGroup;
			children = (
				8483A734254C119700ACF6FD /* BaseViewController.swift */,
				84A6FB76255A655700057839 /* BaseNavigationViewController.swift */,
			);
			path = Base;
			sourceTree = "<group>";
		};
		84BF16A8251D9DEE002ACE76 /* Class */ = {
			isa = PBXGroup;
			children = (
				8483A733254C118200ACF6FD /* Base */,
				84BF16AD251D9E27002ACE76 /* FoundationExtensionViewController */,
				84BF16AE251D9E3A002ACE76 /* UIKitExtensionViewController */,
				84BF16AF251D9E5E002ACE76 /* ProtocolViewController */,
				84BF16B0251D9E7F002ACE76 /* SmallToolsViewController */,
			);
			path = Class;
			sourceTree = "<group>";
		};
		84BF16AD251D9E27002ACE76 /* FoundationExtensionViewController */ = {
			isa = PBXGroup;
			children = (
				84BF16B3251D9EAB002ACE76 /* Controller */,
				84BF16B2251D9EAB002ACE76 /* ViewModel */,
				84BF16B4251D9EAB002ACE76 /* Model */,
				84BF16B5251D9EAB002ACE76 /* View */,
			);
			path = FoundationExtensionViewController;
			sourceTree = "<group>";
		};
		84BF16AE251D9E3A002ACE76 /* UIKitExtensionViewController */ = {
			isa = PBXGroup;
			children = (
				84BF16B7251D9EB1002ACE76 /* ViewModel */,
				84BF16B8251D9EB1002ACE76 /* Controller */,
				84BF16B9251D9EB1002ACE76 /* Model */,
				84BF16BA251D9EB1002ACE76 /* View */,
			);
			path = UIKitExtensionViewController;
			sourceTree = "<group>";
		};
		84BF16AF251D9E5E002ACE76 /* ProtocolViewController */ = {
			isa = PBXGroup;
			children = (
				84BF16BC251D9EB6002ACE76 /* ViewModel */,
				84BF16BD251D9EB6002ACE76 /* Controller */,
				84BF16BE251D9EB6002ACE76 /* Model */,
				84BF16BF251D9EB6002ACE76 /* View */,
			);
			path = ProtocolViewController;
			sourceTree = "<group>";
		};
		84BF16B0251D9E7F002ACE76 /* SmallToolsViewController */ = {
			isa = PBXGroup;
			children = (
				84BF16C1251D9EBC002ACE76 /* ViewModel */,
				84BF16C2251D9EBC002ACE76 /* Controller */,
				84BF16C3251D9EBC002ACE76 /* Model */,
				84BF16C4251D9EBC002ACE76 /* View */,
			);
			path = SmallToolsViewController;
			sourceTree = "<group>";
		};
		84BF16B2251D9EAB002ACE76 /* ViewModel */ = {
			isa = PBXGroup;
			children = (
			);
			path = ViewModel;
			sourceTree = "<group>";
		};
		84BF16B3251D9EAB002ACE76 /* Controller */ = {
			isa = PBXGroup;
			children = (
				8482AA052553EEFF00EB0A7A /* FileManagerExtensionViewController.swift */,
				849D58EF2536ADD300CCDF0F /* StringExtensionViewController.swift */,
				84B444092575E8AD00D3DD1D /* DataExtensionViewController.swift */,
				84BEA370254F9C7A00CA8A75 /* UserDefaultsExtensionViewController.swift */,
				8482AA092554075E00EB0A7A /* UIDeviceExtensionViewController.swift */,
				8482AA072553F09900EB0A7A /* TimerExtensionViewController.swift */,
				8401537E2552B34A001AB2FD /* DictionaryExtensionViewController.swift */,
				8401537C2552A8C3001AB2FD /* URLExtensionViewController.swift */,
				8401537A2552A7B2001AB2FD /* DateFormatterExtensionViewController.swift */,
				847DFF2B2550F8C100EEE785 /* BoolExtensionViewController.swift */,
				847DFF292550F5D400EEE785 /* CharacterExtensionViewController.swift */,
				847DFF252550F07600EEE785 /* Int64ExtensionViewController.swift */,
				84C4BF6025501B3600B3705F /* IntExtensionViewController.swift */,
				84C4BF5E25500E5C00B3705F /* CGFloatExtensionViewController.swift */,
				84BEA37A25500B8F00CA8A75 /* DoubleExtensionViewController.swift */,
				847DFF272550F43C00EEE785 /* UIntExtensionViewController.swift */,
				84BEA378254FD78E00CA8A75 /* FloatExtensionViewController.swift */,
				84BEA372254FAC6600CA8A75 /* UIFontExtensionViewController.swift */,
				849D58F32537090B00CCDF0F /* NSDecimalNumberHandlerExtensionViewController.swift */,
				8483A738254EC47E00ACF6FD /* NSObjectExtensionViewController.swift */,
				84A5D2D52547B48E003D289C /* DateExtensionViewController.swift */,
				8483A6C9254BC02B00ACF6FD /* BundleExtensionViewController.swift */,
				84A8FEFE2534598A00830EAF /* ArrayExtensionViewController.swift */,
				84BF16C5251D9F8D002ACE76 /* FoundationExtensionViewController.swift */,
			);
			path = Controller;
			sourceTree = "<group>";
		};
		84BF16B4251D9EAB002ACE76 /* Model */ = {
			isa = PBXGroup;
			children = (
			);
			path = Model;
			sourceTree = "<group>";
		};
		84BF16B5251D9EAB002ACE76 /* View */ = {
			isa = PBXGroup;
			children = (
			);
			path = View;
			sourceTree = "<group>";
		};
		84BF16B7251D9EB1002ACE76 /* ViewModel */ = {
			isa = PBXGroup;
			children = (
			);
			path = ViewModel;
			sourceTree = "<group>";
		};
		84BF16B8251D9EB1002ACE76 /* Controller */ = {
			isa = PBXGroup;
			children = (
				84BF16C7251D9FB6002ACE76 /* UIKitExtensionViewController.swift */,
				84B29410257747EF009E7760 /* UINavigationBarExtensionViewController.swift */,
				84813773254A5EC100D9289C /* UIColorExtensionViewController.swift */,
				848028072558D5A70038748A /* CALayerExtensionViewController.swift */,
				84058C962554FA43007F0C30 /* UIViewExtensionViewController.swift */,
				8473AABF2562889500707877 /* UIImageViewExtensionViewController.swift */,
				847D4B9525611E50000DDA3C /* UIImageExtensionViewController.swift */,
				847D4B442560DF84000DDA3C /* UIBezierPathExtensionViewController.swift */,
				8483C4CE255E94A30034A2F7 /* UITextFieldExtensionViewController.swift */,
				8483C4BF255E799B0034A2F7 /* UIStackViewExtensionViewController.swift */,
				84CC32AE255D39F000F489F0 /* UITextViewExtensionViewController.swift */,
				84CC32AC255CDBB300F489F0 /* UIScrollViewExtensionViewController.swift */,
				84D8EC93255BFA3A001ACECA /* UIViewControllerExtensionViewController.swift */,
				8418FB9A255BD42A000CB0B3 /* UINavigationControllerExtensionViewController.swift */,
				8418FB98255BBCE3000CB0B3 /* UITableViewExtensionViewController.swift */,
				8418FB96255B8642000CB0B3 /* UILabelExtensionViewController.swift */,
				84A6FB78255A65EC00057839 /* UIButtonExtensionViewController.swift */,
				84A6FB72255A40E400057839 /* UIBarButtonItemExtensionViewController.swift */,
				84802819255963610038748A /* UISwitchExtensionViewController.swift */,
				84802817255957560038748A /* UIApplicationExtensionViewController.swift */,
				8480281525594C1E0038748A /* UIAlertControllerExtensionViewController.swift */,
				84802813255948730038748A /* NSMutableAttributedStringExtensionViewController.swift */,
				8480280D255933DE0038748A /* UIControlExtensionViewController.swift */,
				8480280B255926120038748A /* CATextLayerExtensionViewController.swift */,
				848028092558E7940038748A /* UIScreenExtensionViewController.swift */,
			);
			path = Controller;
			sourceTree = "<group>";
		};
		84BF16B9251D9EB1002ACE76 /* Model */ = {
			isa = PBXGroup;
			children = (
			);
			path = Model;
			sourceTree = "<group>";
		};
		84BF16BA251D9EB1002ACE76 /* View */ = {
			isa = PBXGroup;
			children = (
			);
			path = View;
			sourceTree = "<group>";
		};
		84BF16BC251D9EB6002ACE76 /* ViewModel */ = {
			isa = PBXGroup;
			children = (
			);
			path = ViewModel;
			sourceTree = "<group>";
		};
		84BF16BD251D9EB6002ACE76 /* Controller */ = {
			isa = PBXGroup;
			children = (
				84BF16C9251D9FD3002ACE76 /* ProtocolViewController.swift */,
				84D9BDD425652FE400D92461 /* JKEmitterableViewController.swift */,
				84D9BDB725652C7200D92461 /* NibLoadableViewController.swift */,
			);
			path = Controller;
			sourceTree = "<group>";
		};
		84BF16BE251D9EB6002ACE76 /* Model */ = {
			isa = PBXGroup;
			children = (
			);
			path = Model;
			sourceTree = "<group>";
		};
		84BF16BF251D9EB6002ACE76 /* View */ = {
			isa = PBXGroup;
			children = (
				84D9BDCC25652D8C00D92461 /* TestView.swift */,
				84D9BDD025652D9900D92461 /* TestView.xib */,
			);
			path = View;
			sourceTree = "<group>";
		};
		84BF16C1251D9EBC002ACE76 /* ViewModel */ = {
			isa = PBXGroup;
			children = (
			);
			path = ViewModel;
			sourceTree = "<group>";
		};
		84BF16C2251D9EBC002ACE76 /* Controller */ = {
			isa = PBXGroup;
			children = (
				84BF16CB251DA012002ACE76 /* SmallToolsViewController.swift */,
				84D9BDA825651FA600D92461 /* WeakTimerViewController.swift */,
				84D9BD9625651BEB00D92461 /* KeyboardAccessoryViewController.swift */,
				84D9BD7C2565165D00D92461 /* MaskingManagerExtensionViewController.swift */,
				84F870002564F91600B74128 /* JKWaterFallLayoutViewController.swift */,
				84F86FFC2564F22700B74128 /* JKVerticalCarouselViewController.swift */,
				84F86FEB2564EAF500B74128 /* JKValidateHelperViewController.swift */,
				84F86FCB2564C66E00B74128 /* JKContentSizeViewController.swift */,
				84F86FBC2564B4C400B74128 /* JKCommonToolViewController.swift */,
				84009E092563D8BA00C3CB08 /* JKAsyncsViewController.swift */,
				8485CC7D2520368D00E2FCD0 /* QRCodeImageFactoryViewController.swift */,
				8483A731254C0D6200ACF6FD /* JKPrintViewController.swift */,
				8483A736254C11C200ACF6FD /* JKRuntimeViewController.swift */,
			);
			path = Controller;
			sourceTree = "<group>";
		};
		84BF16C3251D9EBC002ACE76 /* Model */ = {
			isa = PBXGroup;
			children = (
			);
			path = Model;
			sourceTree = "<group>";
		};
		84BF16C4251D9EBC002ACE76 /* View */ = {
			isa = PBXGroup;
			children = (
			);
			path = View;
			sourceTree = "<group>";
		};
		84BF16D5251DFE5D002ACE76 /* TestFile */ = {
			isa = PBXGroup;
			children = (
				844A634225664F4D000059EC /* Controller */,
				844A634525664F4D000059EC /* Model */,
				844A634425664F4D000059EC /* View */,
				844A634325664F4D000059EC /* ViewModel */,
			);
			path = TestFile;
			sourceTree = "<group>";
		};
		B8274FB6B834330C0882AAED /* Frameworks */ = {
			isa = PBXGroup;
			children = (
				FA3D0426FDCFDD919F4C3DCA /* Pods_JKSwiftExtension_Example.framework */,
				2FEA1C54E10568E8E6A827CF /* Pods_JKSwiftExtension_Tests.framework */,
			);
			name = Frameworks;
			sourceTree = "<group>";
		};
/* End PBXGroup section */

/* Begin PBXNativeTarget section */
		607FACCF1AFB9204008FA782 /* JKSwiftExtension_Example */ = {
			isa = PBXNativeTarget;
			buildConfigurationList = 607FACEF1AFB9204008FA782 /* Build configuration list for PBXNativeTarget "JKSwiftExtension_Example" */;
			buildPhases = (
				47619BCEDE6D20F998B3E1F7 /* [CP] Check Pods Manifest.lock */,
				607FACCC1AFB9204008FA782 /* Sources */,
				607FACCD1AFB9204008FA782 /* Frameworks */,
				607FACCE1AFB9204008FA782 /* Resources */,
				4DFD7990C93C1C09CE2FC157 /* [CP] Embed Pods Frameworks */,
			);
			buildRules = (
			);
			dependencies = (
			);
			name = JKSwiftExtension_Example;
			productName = JKSwiftExtension;
			productReference = 607FACD01AFB9204008FA782 /* JKSwiftExtension扩展.app */;
			productType = "com.apple.product-type.application";
		};
		607FACE41AFB9204008FA782 /* JKSwiftExtension_Tests */ = {
			isa = PBXNativeTarget;
			buildConfigurationList = 607FACF21AFB9204008FA782 /* Build configuration list for PBXNativeTarget "JKSwiftExtension_Tests" */;
			buildPhases = (
				BAB04EAED2008C343EAF7468 /* [CP] Check Pods Manifest.lock */,
				607FACE11AFB9204008FA782 /* Sources */,
				607FACE21AFB9204008FA782 /* Frameworks */,
				607FACE31AFB9204008FA782 /* Resources */,
			);
			buildRules = (
			);
			dependencies = (
				607FACE71AFB9204008FA782 /* PBXTargetDependency */,
			);
			name = JKSwiftExtension_Tests;
			productName = Tests;
			productReference = 607FACE51AFB9204008FA782 /* JKSwiftExtension_Tests.xctest */;
			productType = "com.apple.product-type.bundle.unit-test";
		};
/* End PBXNativeTarget section */

/* Begin PBXProject section */
		607FACC81AFB9204008FA782 /* Project object */ = {
			isa = PBXProject;
			attributes = {
				LastSwiftUpdateCheck = 0830;
				LastUpgradeCheck = 0830;
				ORGANIZATIONNAME = CocoaPods;
				TargetAttributes = {
					607FACCF1AFB9204008FA782 = {
						CreatedOnToolsVersion = 6.3.1;
						DevelopmentTeam = SGVDL6B99N;
						LastSwiftMigration = 1160;
					};
					607FACE41AFB9204008FA782 = {
						CreatedOnToolsVersion = 6.3.1;
						LastSwiftMigration = 0900;
						TestTargetID = 607FACCF1AFB9204008FA782;
					};
				};
			};
			buildConfigurationList = 607FACCB1AFB9204008FA782 /* Build configuration list for PBXProject "JKSwiftExtension" */;
			compatibilityVersion = "Xcode 3.2";
			developmentRegion = English;
			hasScannedForEncodings = 0;
			knownRegions = (
				English,
				en,
				Base,
			);
			mainGroup = 607FACC71AFB9204008FA782;
			productRefGroup = 607FACD11AFB9204008FA782 /* Products */;
			projectDirPath = "";
			projectRoot = "";
			targets = (
				607FACCF1AFB9204008FA782 /* JKSwiftExtension_Example */,
				607FACE41AFB9204008FA782 /* JKSwiftExtension_Tests */,
			);
		};
/* End PBXProject section */

/* Begin PBXResourcesBuildPhase section */
		607FACCE1AFB9204008FA782 /* Resources */ = {
			isa = PBXResourcesBuildPhase;
			buildActionMask = 2147483647;
			files = (
				847DE9552573F0B60080EEC0 /* testFile.text in Resources */,
				8483A730254C0A7F00ACF6FD /* testicon.png in Resources */,
				8483A72C254BF0AD00ACF6FD /* JKBaseKit.bundle in Resources */,
				840F884325663B24009B73DA /* girl.png in Resources */,
				8473AADA2562985B00707877 /* pika2.gif in Resources */,
				607FACDB1AFB9204008FA782 /* Main.storyboard in Resources */,
				607FACE01AFB9204008FA782 /* LaunchScreen.xib in Resources */,
				84D9BDD125652D9900D92461 /* TestView.xib in Resources */,
				840F883F256637BE009B73DA /* huaban1.png in Resources */,
				607FACDD1AFB9204008FA782 /* Images.xcassets in Resources */,
			);
			runOnlyForDeploymentPostprocessing = 0;
		};
		607FACE31AFB9204008FA782 /* Resources */ = {
			isa = PBXResourcesBuildPhase;
			buildActionMask = 2147483647;
			files = (
			);
			runOnlyForDeploymentPostprocessing = 0;
		};
/* End PBXResourcesBuildPhase section */

/* Begin PBXShellScriptBuildPhase section */
		47619BCEDE6D20F998B3E1F7 /* [CP] Check Pods Manifest.lock */ = {
			isa = PBXShellScriptBuildPhase;
			buildActionMask = 2147483647;
			files = (
			);
			inputFileListPaths = (
			);
			inputPaths = (
				"${PODS_PODFILE_DIR_PATH}/Podfile.lock",
				"${PODS_ROOT}/Manifest.lock",
			);
			name = "[CP] Check Pods Manifest.lock";
			outputFileListPaths = (
			);
			outputPaths = (
				"$(DERIVED_FILE_DIR)/Pods-JKSwiftExtension_Example-checkManifestLockResult.txt",
			);
			runOnlyForDeploymentPostprocessing = 0;
			shellPath = /bin/sh;
			shellScript = "diff \"${PODS_PODFILE_DIR_PATH}/Podfile.lock\" \"${PODS_ROOT}/Manifest.lock\" > /dev/null\nif [ $? != 0 ] ; then\n    # print error to STDERR\n    echo \"error: The sandbox is not in sync with the Podfile.lock. Run 'pod install' or update your CocoaPods installation.\" >&2\n    exit 1\nfi\n# This output is used by Xcode 'outputs' to avoid re-running this script phase.\necho \"SUCCESS\" > \"${SCRIPT_OUTPUT_FILE_0}\"\n";
			showEnvVarsInLog = 0;
		};
		4DFD7990C93C1C09CE2FC157 /* [CP] Embed Pods Frameworks */ = {
			isa = PBXShellScriptBuildPhase;
			buildActionMask = 2147483647;
			files = (
			);
			inputPaths = (
				"${PODS_ROOT}/Target Support Files/Pods-JKSwiftExtension_Example/Pods-JKSwiftExtension_Example-frameworks.sh",
				"${BUILT_PRODUCTS_DIR}/FDFullscreenPopGesture/FDFullscreenPopGesture.framework",
				"${BUILT_PRODUCTS_DIR}/JKSwiftExtension/JKSwiftExtension.framework",
				"${BUILT_PRODUCTS_DIR}/Kingfisher/Kingfisher.framework",
				"${BUILT_PRODUCTS_DIR}/MJRefresh/MJRefresh.framework",
				"${BUILT_PRODUCTS_DIR}/RxCocoa/RxCocoa.framework",
				"${BUILT_PRODUCTS_DIR}/RxRelay/RxRelay.framework",
				"${BUILT_PRODUCTS_DIR}/RxSwift/RxSwift.framework",
				"${BUILT_PRODUCTS_DIR}/SnapKit/SnapKit.framework",
			);
			name = "[CP] Embed Pods Frameworks";
			outputPaths = (
				"${TARGET_BUILD_DIR}/${FRAMEWORKS_FOLDER_PATH}/FDFullscreenPopGesture.framework",
				"${TARGET_BUILD_DIR}/${FRAMEWORKS_FOLDER_PATH}/JKSwiftExtension.framework",
				"${TARGET_BUILD_DIR}/${FRAMEWORKS_FOLDER_PATH}/Kingfisher.framework",
				"${TARGET_BUILD_DIR}/${FRAMEWORKS_FOLDER_PATH}/MJRefresh.framework",
				"${TARGET_BUILD_DIR}/${FRAMEWORKS_FOLDER_PATH}/RxCocoa.framework",
				"${TARGET_BUILD_DIR}/${FRAMEWORKS_FOLDER_PATH}/RxRelay.framework",
				"${TARGET_BUILD_DIR}/${FRAMEWORKS_FOLDER_PATH}/RxSwift.framework",
				"${TARGET_BUILD_DIR}/${FRAMEWORKS_FOLDER_PATH}/SnapKit.framework",
			);
			runOnlyForDeploymentPostprocessing = 0;
			shellPath = /bin/sh;
			shellScript = "\"${PODS_ROOT}/Target Support Files/Pods-JKSwiftExtension_Example/Pods-JKSwiftExtension_Example-frameworks.sh\"\n";
			showEnvVarsInLog = 0;
		};
		BAB04EAED2008C343EAF7468 /* [CP] Check Pods Manifest.lock */ = {
			isa = PBXShellScriptBuildPhase;
			buildActionMask = 2147483647;
			files = (
			);
			inputFileListPaths = (
			);
			inputPaths = (
				"${PODS_PODFILE_DIR_PATH}/Podfile.lock",
				"${PODS_ROOT}/Manifest.lock",
			);
			name = "[CP] Check Pods Manifest.lock";
			outputFileListPaths = (
			);
			outputPaths = (
				"$(DERIVED_FILE_DIR)/Pods-JKSwiftExtension_Tests-checkManifestLockResult.txt",
			);
			runOnlyForDeploymentPostprocessing = 0;
			shellPath = /bin/sh;
			shellScript = "diff \"${PODS_PODFILE_DIR_PATH}/Podfile.lock\" \"${PODS_ROOT}/Manifest.lock\" > /dev/null\nif [ $? != 0 ] ; then\n    # print error to STDERR\n    echo \"error: The sandbox is not in sync with the Podfile.lock. Run 'pod install' or update your CocoaPods installation.\" >&2\n    exit 1\nfi\n# This output is used by Xcode 'outputs' to avoid re-running this script phase.\necho \"SUCCESS\" > \"${SCRIPT_OUTPUT_FILE_0}\"\n";
			showEnvVarsInLog = 0;
		};
/* End PBXShellScriptBuildPhase section */

/* Begin PBXSourcesBuildPhase section */
		607FACCC1AFB9204008FA782 /* Sources */ = {
			isa = PBXSourcesBuildPhase;
			buildActionMask = 2147483647;
			files = (
				84B29411257747EF009E7760 /* UINavigationBarExtensionViewController.swift in Sources */,
				607FACD81AFB9204008FA782 /* ViewController.swift in Sources */,
				844A634E25664F9B000059EC /* FiveViewController.swift in Sources */,
				844A635225664F9B000059EC /* TestViewController.swift in Sources */,
				84BF16CA251D9FD3002ACE76 /* ProtocolViewController.swift in Sources */,
				8483A737254C11C200ACF6FD /* JKRuntimeViewController.swift in Sources */,
				84A6FB77255A655700057839 /* BaseNavigationViewController.swift in Sources */,
				8473AAC02562889500707877 /* UIImageViewExtensionViewController.swift in Sources */,
				84F86FEC2564EAF500B74128 /* JKValidateHelperViewController.swift in Sources */,
				8480280E255933DE0038748A /* UIControlExtensionViewController.swift in Sources */,
				8480281625594C1E0038748A /* UIAlertControllerExtensionViewController.swift in Sources */,
				84A6FB79255A65EC00057839 /* UIButtonExtensionViewController.swift in Sources */,
				8485CC7E2520368D00E2FCD0 /* QRCodeImageFactoryViewController.swift in Sources */,
				8482AA082553F09900EB0A7A /* TimerExtensionViewController.swift in Sources */,
				84D9BD9725651BEB00D92461 /* KeyboardAccessoryViewController.swift in Sources */,
				84BEA37B25500B8F00CA8A75 /* DoubleExtensionViewController.swift in Sources */,
				8483C4C0255E799B0034A2F7 /* UIStackViewExtensionViewController.swift in Sources */,
				8483A6CA254BC02B00ACF6FD /* BundleExtensionViewController.swift in Sources */,
				8483A735254C119700ACF6FD /* BaseViewController.swift in Sources */,
				84802818255957560038748A /* UIApplicationExtensionViewController.swift in Sources */,
				844A634F25664F9B000059EC /* Notification+Extension.swift in Sources */,
				844A635D25665328000059EC /* TouchViewController.swift in Sources */,
				847DFF282550F43C00EEE785 /* UIntExtensionViewController.swift in Sources */,
				8480281A255963610038748A /* UISwitchExtensionViewController.swift in Sources */,
				84BEA379254FD78E00CA8A75 /* FloatExtensionViewController.swift in Sources */,
				8482AA062553EEFF00EB0A7A /* FileManagerExtensionViewController.swift in Sources */,
				84BF16C6251D9F8D002ACE76 /* FoundationExtensionViewController.swift in Sources */,
				849D58F02536ADD300CCDF0F /* StringExtensionViewController.swift in Sources */,
				84813774254A5EC100D9289C /* UIColorExtensionViewController.swift in Sources */,
				84802814255948730038748A /* NSMutableAttributedStringExtensionViewController.swift in Sources */,
				8418FB9B255BD42A000CB0B3 /* UINavigationControllerExtensionViewController.swift in Sources */,
				84D9BDB825652C7200D92461 /* NibLoadableViewController.swift in Sources */,
				607FACD61AFB9204008FA782 /* AppDelegate.swift in Sources */,
				844A635325664F9B000059EC /* SixViewController.swift in Sources */,
				84BEA371254F9C7A00CA8A75 /* UserDefaultsExtensionViewController.swift in Sources */,
				84BF16CC251DA012002ACE76 /* SmallToolsViewController.swift in Sources */,
				844A635025664F9B000059EC /* TwoViewController.swift in Sources */,
				844A635525664F9B000059EC /* OneViewController.swift in Sources */,
				84A8FEFF2534598A00830EAF /* ArrayExtensionViewController.swift in Sources */,
				84A5D2D62547B48E003D289C /* DateExtensionViewController.swift in Sources */,
				847D4B452560DF85000DDA3C /* UIBezierPathExtensionViewController.swift in Sources */,
				84BF16C8251D9FB6002ACE76 /* UIKitExtensionViewController.swift in Sources */,
				844A635425664F9B000059EC /* ThreeViewController.swift in Sources */,
				8401537F2552B34A001AB2FD /* DictionaryExtensionViewController.swift in Sources */,
				844A635925664FE7000059EC /* JKTouchView.swift in Sources */,
				8483C4CF255E94A30034A2F7 /* UITextFieldExtensionViewController.swift in Sources */,
				8401537D2552A8C3001AB2FD /* URLExtensionViewController.swift in Sources */,
				847DFF2A2550F5D400EEE785 /* CharacterExtensionViewController.swift in Sources */,
				84D8EC94255BFA3A001ACECA /* UIViewControllerExtensionViewController.swift in Sources */,
				84F86FBD2564B4C400B74128 /* JKCommonToolViewController.swift in Sources */,
				8401537B2552A7B2001AB2FD /* DateFormatterExtensionViewController.swift in Sources */,
				84009E0A2563D8BA00C3CB08 /* JKAsyncsViewController.swift in Sources */,
				8482AA0A2554075E00EB0A7A /* UIDeviceExtensionViewController.swift in Sources */,
				84D9BDCD25652D8C00D92461 /* TestView.swift in Sources */,
				84058C972554FA44007F0C30 /* UIViewExtensionViewController.swift in Sources */,
				84B4440A2575E8AD00D3DD1D /* DataExtensionViewController.swift in Sources */,
				848028082558D5A70038748A /* CALayerExtensionViewController.swift in Sources */,
				8418FB99255BBCE3000CB0B3 /* UITableViewExtensionViewController.swift in Sources */,
				847DFF262550F07600EEE785 /* Int64ExtensionViewController.swift in Sources */,
				84D9BD7D2565165D00D92461 /* MaskingManagerExtensionViewController.swift in Sources */,
				84A6FB73255A40E400057839 /* UIBarButtonItemExtensionViewController.swift in Sources */,
				8480280A2558E7940038748A /* UIScreenExtensionViewController.swift in Sources */,
				84BEA373254FAC6600CA8A75 /* UIFontExtensionViewController.swift in Sources */,
				8483A739254EC47E00ACF6FD /* NSObjectExtensionViewController.swift in Sources */,
				84D9BDA925651FA600D92461 /* WeakTimerViewController.swift in Sources */,
				84D9BDD525652FE500D92461 /* JKEmitterableViewController.swift in Sources */,
				847DFF2C2550F8C100EEE785 /* BoolExtensionViewController.swift in Sources */,
				8483A732254C0D6200ACF6FD /* JKPrintViewController.swift in Sources */,
				84F86FCC2564C66E00B74128 /* JKContentSizeViewController.swift in Sources */,
				84F870012564F91600B74128 /* JKWaterFallLayoutViewController.swift in Sources */,
				844A635125664F9B000059EC /* FourViewController.swift in Sources */,
				84C4BF6125501B3600B3705F /* IntExtensionViewController.swift in Sources */,
				849D58F42537090B00CCDF0F /* NSDecimalNumberHandlerExtensionViewController.swift in Sources */,
				8480280C255926120038748A /* CATextLayerExtensionViewController.swift in Sources */,
				84C4BF5F25500E5C00B3705F /* CGFloatExtensionViewController.swift in Sources */,
				84CC32AF255D39F000F489F0 /* UITextViewExtensionViewController.swift in Sources */,
				847D4B9625611E50000DDA3C /* UIImageExtensionViewController.swift in Sources */,
				8488026D256DF0DE007D41CA /* TestFileViewController.swift in Sources */,
				84CC32AD255CDBB300F489F0 /* UIScrollViewExtensionViewController.swift in Sources */,
				8418FB97255B8642000CB0B3 /* UILabelExtensionViewController.swift in Sources */,
				84F86FFD2564F22700B74128 /* JKVerticalCarouselViewController.swift in Sources */,
			);
			runOnlyForDeploymentPostprocessing = 0;
		};
		607FACE11AFB9204008FA782 /* Sources */ = {
			isa = PBXSourcesBuildPhase;
			buildActionMask = 2147483647;
			files = (
				848331C9251C66AB00DEB439 /* StringTest.swift in Sources */,
				607FACEC1AFB9204008FA782 /* Tests.swift in Sources */,
			);
			runOnlyForDeploymentPostprocessing = 0;
		};
/* End PBXSourcesBuildPhase section */

/* Begin PBXTargetDependency section */
		607FACE71AFB9204008FA782 /* PBXTargetDependency */ = {
			isa = PBXTargetDependency;
			target = 607FACCF1AFB9204008FA782 /* JKSwiftExtension_Example */;
			targetProxy = 607FACE61AFB9204008FA782 /* PBXContainerItemProxy */;
		};
/* End PBXTargetDependency section */

/* Begin PBXVariantGroup section */
		607FACD91AFB9204008FA782 /* Main.storyboard */ = {
			isa = PBXVariantGroup;
			children = (
				607FACDA1AFB9204008FA782 /* Base */,
			);
			name = Main.storyboard;
			sourceTree = "<group>";
		};
		607FACDE1AFB9204008FA782 /* LaunchScreen.xib */ = {
			isa = PBXVariantGroup;
			children = (
				607FACDF1AFB9204008FA782 /* Base */,
			);
			name = LaunchScreen.xib;
			sourceTree = "<group>";
		};
/* End PBXVariantGroup section */

/* Begin XCBuildConfiguration section */
		607FACED1AFB9204008FA782 /* Debug */ = {
			isa = XCBuildConfiguration;
			buildSettings = {
				ALWAYS_SEARCH_USER_PATHS = NO;
				CLANG_CXX_LANGUAGE_STANDARD = "gnu++0x";
				CLANG_CXX_LIBRARY = "libc++";
				CLANG_ENABLE_MODULES = YES;
				CLANG_ENABLE_OBJC_ARC = YES;
				CLANG_WARN_BLOCK_CAPTURE_AUTORELEASING = YES;
				CLANG_WARN_BOOL_CONVERSION = YES;
				CLANG_WARN_COMMA = YES;
				CLANG_WARN_CONSTANT_CONVERSION = YES;
				CLANG_WARN_DIRECT_OBJC_ISA_USAGE = YES_ERROR;
				CLANG_WARN_EMPTY_BODY = YES;
				CLANG_WARN_ENUM_CONVERSION = YES;
				CLANG_WARN_INFINITE_RECURSION = YES;
				CLANG_WARN_INT_CONVERSION = YES;
				CLANG_WARN_NON_LITERAL_NULL_CONVERSION = YES;
				CLANG_WARN_OBJC_LITERAL_CONVERSION = YES;
				CLANG_WARN_OBJC_ROOT_CLASS = YES_ERROR;
				CLANG_WARN_RANGE_LOOP_ANALYSIS = YES;
				CLANG_WARN_STRICT_PROTOTYPES = YES;
				CLANG_WARN_SUSPICIOUS_MOVE = YES;
				CLANG_WARN_UNREACHABLE_CODE = YES;
				CLANG_WARN__DUPLICATE_METHOD_MATCH = YES;
				"CODE_SIGN_IDENTITY[sdk=iphoneos*]" = "iPhone Developer";
				COPY_PHASE_STRIP = NO;
				DEBUG_INFORMATION_FORMAT = "dwarf-with-dsym";
				ENABLE_STRICT_OBJC_MSGSEND = YES;
				ENABLE_TESTABILITY = YES;
				GCC_C_LANGUAGE_STANDARD = gnu99;
				GCC_DYNAMIC_NO_PIC = NO;
				GCC_NO_COMMON_BLOCKS = YES;
				GCC_OPTIMIZATION_LEVEL = 0;
				GCC_PREPROCESSOR_DEFINITIONS = (
					"DEBUG=1",
					"$(inherited)",
				);
				GCC_SYMBOLS_PRIVATE_EXTERN = NO;
				GCC_WARN_64_TO_32_BIT_CONVERSION = YES;
				GCC_WARN_ABOUT_RETURN_TYPE = YES_ERROR;
				GCC_WARN_UNDECLARED_SELECTOR = YES;
				GCC_WARN_UNINITIALIZED_AUTOS = YES_AGGRESSIVE;
				GCC_WARN_UNUSED_FUNCTION = YES;
				GCC_WARN_UNUSED_VARIABLE = YES;
				IPHONEOS_DEPLOYMENT_TARGET = 9.3;
				MTL_ENABLE_DEBUG_INFO = YES;
				ONLY_ACTIVE_ARCH = YES;
				SDKROOT = iphoneos;
				SWIFT_OPTIMIZATION_LEVEL = "-Onone";
			};
			name = Debug;
		};
		607FACEE1AFB9204008FA782 /* Release */ = {
			isa = XCBuildConfiguration;
			buildSettings = {
				ALWAYS_SEARCH_USER_PATHS = NO;
				CLANG_CXX_LANGUAGE_STANDARD = "gnu++0x";
				CLANG_CXX_LIBRARY = "libc++";
				CLANG_ENABLE_MODULES = YES;
				CLANG_ENABLE_OBJC_ARC = YES;
				CLANG_WARN_BLOCK_CAPTURE_AUTORELEASING = YES;
				CLANG_WARN_BOOL_CONVERSION = YES;
				CLANG_WARN_COMMA = YES;
				CLANG_WARN_CONSTANT_CONVERSION = YES;
				CLANG_WARN_DIRECT_OBJC_ISA_USAGE = YES_ERROR;
				CLANG_WARN_EMPTY_BODY = YES;
				CLANG_WARN_ENUM_CONVERSION = YES;
				CLANG_WARN_INFINITE_RECURSION = YES;
				CLANG_WARN_INT_CONVERSION = YES;
				CLANG_WARN_NON_LITERAL_NULL_CONVERSION = YES;
				CLANG_WARN_OBJC_LITERAL_CONVERSION = YES;
				CLANG_WARN_OBJC_ROOT_CLASS = YES_ERROR;
				CLANG_WARN_RANGE_LOOP_ANALYSIS = YES;
				CLANG_WARN_STRICT_PROTOTYPES = YES;
				CLANG_WARN_SUSPICIOUS_MOVE = YES;
				CLANG_WARN_UNREACHABLE_CODE = YES;
				CLANG_WARN__DUPLICATE_METHOD_MATCH = YES;
				"CODE_SIGN_IDENTITY[sdk=iphoneos*]" = "iPhone Developer";
				COPY_PHASE_STRIP = NO;
				DEBUG_INFORMATION_FORMAT = "dwarf-with-dsym";
				ENABLE_NS_ASSERTIONS = NO;
				ENABLE_STRICT_OBJC_MSGSEND = YES;
				GCC_C_LANGUAGE_STANDARD = gnu99;
				GCC_NO_COMMON_BLOCKS = YES;
				GCC_WARN_64_TO_32_BIT_CONVERSION = YES;
				GCC_WARN_ABOUT_RETURN_TYPE = YES_ERROR;
				GCC_WARN_UNDECLARED_SELECTOR = YES;
				GCC_WARN_UNINITIALIZED_AUTOS = YES_AGGRESSIVE;
				GCC_WARN_UNUSED_FUNCTION = YES;
				GCC_WARN_UNUSED_VARIABLE = YES;
				IPHONEOS_DEPLOYMENT_TARGET = 9.3;
				MTL_ENABLE_DEBUG_INFO = NO;
				SDKROOT = iphoneos;
				SWIFT_OPTIMIZATION_LEVEL = "-Owholemodule";
				VALIDATE_PRODUCT = YES;
			};
			name = Release;
		};
		607FACF01AFB9204008FA782 /* Debug */ = {
			isa = XCBuildConfiguration;
			baseConfigurationReference = D3AEFEB5263B3D64A7F08967 /* Pods-JKSwiftExtension_Example.debug.xcconfig */;
			buildSettings = {
				ASSETCATALOG_COMPILER_APPICON_NAME = AppIcon;
				CLANG_ENABLE_MODULES = YES;
				CURRENT_PROJECT_VERSION = 1;
				DEVELOPMENT_TEAM = SGVDL6B99N;
				INFOPLIST_FILE = JKSwiftExtension/Info.plist;
				IPHONEOS_DEPLOYMENT_TARGET = 9.0;
				LD_RUNPATH_SEARCH_PATHS = "$(inherited) @executable_path/Frameworks";
				MARKETING_VERSION = 1.0.0;
				MODULE_NAME = ExampleApp;
				PRODUCT_BUNDLE_IDENTIFIER = "org.cocoapods.demo.$(PRODUCT_NAME:rfc1034identifier)";
				PRODUCT_NAME = "JKSwiftExtension扩展";
				SWIFT_OBJC_BRIDGING_HEADER = "JKSwiftExtension/JKSwiftExtension_Example-Bridging-Header.h";
				SWIFT_OPTIMIZATION_LEVEL = "-Onone";
				SWIFT_SWIFT3_OBJC_INFERENCE = Default;
				SWIFT_VERSION = 5.0;
			};
			name = Debug;
		};
		607FACF11AFB9204008FA782 /* Release */ = {
			isa = XCBuildConfiguration;
			baseConfigurationReference = C380DCAFA65374A7AABDDBAD /* Pods-JKSwiftExtension_Example.release.xcconfig */;
			buildSettings = {
				ASSETCATALOG_COMPILER_APPICON_NAME = AppIcon;
				CLANG_ENABLE_MODULES = YES;
				CURRENT_PROJECT_VERSION = 1;
				DEVELOPMENT_TEAM = SGVDL6B99N;
				INFOPLIST_FILE = JKSwiftExtension/Info.plist;
				IPHONEOS_DEPLOYMENT_TARGET = 9.0;
				LD_RUNPATH_SEARCH_PATHS = "$(inherited) @executable_path/Frameworks";
				MARKETING_VERSION = 1.0.0;
				MODULE_NAME = ExampleApp;
				PRODUCT_BUNDLE_IDENTIFIER = "org.cocoapods.demo.$(PRODUCT_NAME:rfc1034identifier)";
				PRODUCT_NAME = "JKSwiftExtension扩展";
				SWIFT_OBJC_BRIDGING_HEADER = "JKSwiftExtension/JKSwiftExtension_Example-Bridging-Header.h";
				SWIFT_SWIFT3_OBJC_INFERENCE = Default;
				SWIFT_VERSION = 5.0;
			};
			name = Release;
		};
		607FACF31AFB9204008FA782 /* Debug */ = {
			isa = XCBuildConfiguration;
			baseConfigurationReference = BB14143CC4D03081EA63A0FB /* Pods-JKSwiftExtension_Tests.debug.xcconfig */;
			buildSettings = {
				FRAMEWORK_SEARCH_PATHS = (
					"$(PLATFORM_DIR)/Developer/Library/Frameworks",
					"$(inherited)",
				);
				GCC_PREPROCESSOR_DEFINITIONS = (
					"DEBUG=1",
					"$(inherited)",
				);
				INFOPLIST_FILE = Tests/Info.plist;
				LD_RUNPATH_SEARCH_PATHS = "$(inherited) @executable_path/Frameworks @loader_path/Frameworks";
				PRODUCT_BUNDLE_IDENTIFIER = "org.cocoapods.$(PRODUCT_NAME:rfc1034identifier)";
				PRODUCT_NAME = "$(TARGET_NAME)";
				SWIFT_SWIFT3_OBJC_INFERENCE = Default;
				SWIFT_VERSION = 4.0;
				TEST_HOST = "$(BUILT_PRODUCTS_DIR)/JKSwiftExtension_Example.app/JKSwiftExtension_Example";
			};
			name = Debug;
		};
		607FACF41AFB9204008FA782 /* Release */ = {
			isa = XCBuildConfiguration;
			baseConfigurationReference = 88DDA121456371E8DD11E3A3 /* Pods-JKSwiftExtension_Tests.release.xcconfig */;
			buildSettings = {
				FRAMEWORK_SEARCH_PATHS = (
					"$(PLATFORM_DIR)/Developer/Library/Frameworks",
					"$(inherited)",
				);
				INFOPLIST_FILE = Tests/Info.plist;
				LD_RUNPATH_SEARCH_PATHS = "$(inherited) @executable_path/Frameworks @loader_path/Frameworks";
				PRODUCT_BUNDLE_IDENTIFIER = "org.cocoapods.$(PRODUCT_NAME:rfc1034identifier)";
				PRODUCT_NAME = "$(TARGET_NAME)";
				SWIFT_SWIFT3_OBJC_INFERENCE = Default;
				SWIFT_VERSION = 4.0;
				TEST_HOST = "$(BUILT_PRODUCTS_DIR)/JKSwiftExtension_Example.app/JKSwiftExtension_Example";
			};
			name = Release;
		};
/* End XCBuildConfiguration section */

/* Begin XCConfigurationList section */
		607FACCB1AFB9204008FA782 /* Build configuration list for PBXProject "JKSwiftExtension" */ = {
			isa = XCConfigurationList;
			buildConfigurations = (
				607FACED1AFB9204008FA782 /* Debug */,
				607FACEE1AFB9204008FA782 /* Release */,
			);
			defaultConfigurationIsVisible = 0;
			defaultConfigurationName = Release;
		};
		607FACEF1AFB9204008FA782 /* Build configuration list for PBXNativeTarget "JKSwiftExtension_Example" */ = {
			isa = XCConfigurationList;
			buildConfigurations = (
				607FACF01AFB9204008FA782 /* Debug */,
				607FACF11AFB9204008FA782 /* Release */,
			);
			defaultConfigurationIsVisible = 0;
			defaultConfigurationName = Release;
		};
		607FACF21AFB9204008FA782 /* Build configuration list for PBXNativeTarget "JKSwiftExtension_Tests" */ = {
			isa = XCConfigurationList;
			buildConfigurations = (
				607FACF31AFB9204008FA782 /* Debug */,
				607FACF41AFB9204008FA782 /* Release */,
			);
			defaultConfigurationIsVisible = 0;
			defaultConfigurationName = Release;
		};
/* End XCConfigurationList section */
	};
	rootObject = 607FACC81AFB9204008FA782 /* Project object */;
}
